
Microsoft Visual Studio Solution File, Format Version 12.00
# Visual Studio Version 17
VisualStudioVersion = 17.10.35027.167
MinimumVisualStudioVersion = 10.0.40219.1
Project("{9A19103F-16F7-4668-BE54-9A1E7A4F7556}") = "WebApiDapperNativeAOT", "src\WebApiDapperNativeAOT\WebApiDapperNativeAOT.csproj", "{BA43809F-4151-4098-8553-1B7907950706}"
EndProject
Project("{2150E333-8FDC-42A3-9474-1A3956D46DE8}") = "src", "src", "{FB11F307-E098-4503-BDD0-8C06645142D4}"
EndProject
Project("{2150E333-8FDC-42A3-9474-1A3956D46DE8}") = "tests", "tests", "{CF9B918C-FC31-46F9-ACC7-FCE765314A79}"
EndProject
Global
	GlobalSection(SolutionConfigurationPlatforms) = preSolution
		Debug|Any CPU = Debug|Any CPU
		Release|Any CPU = Release|Any CPU
	EndGlobalSection
	GlobalSection(ProjectConfigurationPlatforms) = postSolution
		{BA43809F-4151-4098-8553-1B7907950706}.Debug|Any CPU.ActiveCfg = Debug|Any CPU
		{BA43809F-4151-4098-8553-1B7907950706}.Debug|Any CPU.Build.0 = Debug|Any CPU
		{BA43809F-4151-4098-8553-1B7907950706}.Release|Any CPU.ActiveCfg = Release|Any CPU
		{BA43809F-4151-4098-8553-1B7907950706}.Release|Any CPU.Build.0 = Release|Any CPU
	EndGlobalSection
	GlobalSection(SolutionProperties) = preSolution
		HideSolutionNode = FALSE
	EndGlobalSection
	GlobalSection(NestedProjects) = preSolution
		{BA43809F-4151-4098-8553-1B7907950706} = {FB11F307-E098-4503-BDD0-8C06645142D4}
	EndGlobalSection
	GlobalSection(ExtensibilityGlobals) = postSolution
		SolutionGuid = {5B3DDD51-8636-4D47-B670-8AD4CB0739C3}
	EndGlobalSection
EndGlobal
